
Microsoft Visual Studio Solution File, Format Version 12.00
# Visual Studio Version 17
VisualStudioVersion = 17.11.35431.28
MinimumVisualStudioVersion = 10.0.40219.1
Project("{FAE04EC0-301F-11D3-BF4B-00C04F79EFBC}") = "16_01_2025", "16_01_2025.csproj", "{0FDA1D0D-9AA0-4DD2-9870-638CC1B5F7DC}"
EndProject
Global
	GlobalSection(SolutionConfigurationPlatforms) = preSolution
		Debug|Any CPU = Debug|Any CPU
		Release|Any CPU = Release|Any CPU
	EndGlobalSection
	GlobalSection(ProjectConfigurationPlatforms) = postSolution
		{0FDA1D0D-9AA0-4DD2-9870-638CC1B5F7DC}.Debug|Any CPU.ActiveCfg = Debug|Any CPU
		{0FDA1D0D-9AA0-4DD2-9870-638CC1B5F7DC}.Debug|Any CPU.Build.0 = Debug|Any CPU
		{0FDA1D0D-9AA0-4DD2-9870-638CC1B5F7DC}.Release|Any CPU.ActiveCfg = Release|Any CPU
		{0FDA1D0D-9AA0-4DD2-9870-638CC1B5F7DC}.Release|Any CPU.Build.0 = Release|Any CPU
	EndGlobalSection
	GlobalSection(SolutionProperties) = preSolution
		HideSolutionNode = FALSE
	EndGlobalSection
	GlobalSection(ExtensibilityGlobals) = postSolution
		SolutionGuid = {55179C31-3ABC-439C-8A7D-EE1B5445C82C}
	EndGlobalSection
EndGlobal
